
Microsoft Visual Studio Solution File, Format Version 12.00
# Visual Studio Version 17
VisualStudioVersion = 17.0.31903.59
MinimumVisualStudioVersion = 10.0.40219.1
Project("{9A19103F-16F7-4668-BE54-9A1E7A4F7556}") = "csharp-day1", "csharp-day1\csharp-day1.csproj", "{6AEB5B05-32B0-4256-A015-BA5EBF4CAB93}"
EndProject
Project("{FAE04EC0-301F-11D3-BF4B-00C04F79EFBC}") = "csharp-day2", "csharp-day2\csharp-day2.csproj", "{ADA02C78-D938-4A11-A84E-D2566B0D3F99}"
EndProject
Project("{FAE04EC0-301F-11D3-BF4B-00C04F79EFBC}") = "Assignment", "Assignment\Assignment.csproj", "{A46C49FF-96C9-48C5-AF7E-C0D910365699}"
EndProject
Global
	GlobalSection(SolutionConfigurationPlatforms) = preSolution
		Debug|Any CPU = Debug|Any CPU
		Release|Any CPU = Release|Any CPU
	EndGlobalSection
	GlobalSection(ProjectConfigurationPlatforms) = postSolution
		{6AEB5B05-32B0-4256-A015-BA5EBF4CAB93}.Debug|Any CPU.ActiveCfg = Debug|Any CPU
		{6AEB5B05-32B0-4256-A015-BA5EBF4CAB93}.Debug|Any CPU.Build.0 = Debug|Any CPU
		{6AEB5B05-32B0-4256-A015-BA5EBF4CAB93}.Release|Any CPU.ActiveCfg = Release|Any CPU
		{6AEB5B05-32B0-4256-A015-BA5EBF4CAB93}.Release|Any CPU.Build.0 = Release|Any CPU
		{ADA02C78-D938-4A11-A84E-D2566B0D3F99}.Debug|Any CPU.ActiveCfg = Debug|Any CPU
		{ADA02C78-D938-4A11-A84E-D2566B0D3F99}.Debug|Any CPU.Build.0 = Debug|Any CPU
		{ADA02C78-D938-4A11-A84E-D2566B0D3F99}.Release|Any CPU.ActiveCfg = Release|Any CPU
		{ADA02C78-D938-4A11-A84E-D2566B0D3F99}.Release|Any CPU.Build.0 = Release|Any CPU
		{A46C49FF-96C9-48C5-AF7E-C0D910365699}.Debug|Any CPU.ActiveCfg = Debug|Any CPU
		{A46C49FF-96C9-48C5-AF7E-C0D910365699}.Debug|Any CPU.Build.0 = Debug|Any CPU
		{A46C49FF-96C9-48C5-AF7E-C0D910365699}.Release|Any CPU.ActiveCfg = Release|Any CPU
		{A46C49FF-96C9-48C5-AF7E-C0D910365699}.Release|Any CPU.Build.0 = Release|Any CPU
	EndGlobalSection
	GlobalSection(SolutionProperties) = preSolution
		HideSolutionNode = FALSE
	EndGlobalSection
	GlobalSection(ExtensibilityGlobals) = postSolution
		SolutionGuid = {06EB9204-D451-4CA6-BC6A-363F4F2E7D86}
	EndGlobalSection
EndGlobal
